
Microsoft Visual Studio Solution File, Format Version 12.00
# Visual Studio Version 17
VisualStudioVersion = 17.1.32120.378
MinimumVisualStudioVersion = 10.0.40219.1
Project("{9A19103F-16F7-4668-BE54-9A1E7A4F7556}") = "User.BusinessLogic", "User.BusinessLogic\User.BusinessLogic.csproj", "{F1E2723D-F9FF-43BE-87C2-EBEC0E2398C9}"
EndProject
Project("{9A19103F-16F7-4668-BE54-9A1E7A4F7556}") = "ApiGateway", "ApiGateway\ApiGateway.csproj", "{F767D237-5AFB-454B-A4DD-2F5758E3F350}"
EndProject
Project("{9A19103F-16F7-4668-BE54-9A1E7A4F7556}") = "User.Domain", "User.Domain\User.Domain.csproj", "{F740B665-9C45-4AC6-BAEA-3267383A9E90}"
EndProject
Project("{9A19103F-16F7-4668-BE54-9A1E7A4F7556}") = "User.Infrastructure", "User.Infrastructure\User.Infrastructure.csproj", "{31BE5FBA-81CF-42A2-BA94-9A73C0B81A18}"
EndProject
Project("{FAE04EC0-301F-11D3-BF4B-00C04F79EFBC}") = "RabbitMQ", "RabbitMQ\RabbitMQ.csproj", "{7C0DFC20-2F4E-44B2-BBD8-EFC8F248A255}"
EndProject
Global
	GlobalSection(SolutionConfigurationPlatforms) = preSolution
		Debug|Any CPU = Debug|Any CPU
		Release|Any CPU = Release|Any CPU
	EndGlobalSection
	GlobalSection(ProjectConfigurationPlatforms) = postSolution
		{F1E2723D-F9FF-43BE-87C2-EBEC0E2398C9}.Debug|Any CPU.ActiveCfg = Debug|Any CPU
		{F1E2723D-F9FF-43BE-87C2-EBEC0E2398C9}.Debug|Any CPU.Build.0 = Debug|Any CPU
		{F1E2723D-F9FF-43BE-87C2-EBEC0E2398C9}.Release|Any CPU.ActiveCfg = Release|Any CPU
		{F1E2723D-F9FF-43BE-87C2-EBEC0E2398C9}.Release|Any CPU.Build.0 = Release|Any CPU
		{F767D237-5AFB-454B-A4DD-2F5758E3F350}.Debug|Any CPU.ActiveCfg = Debug|Any CPU
		{F767D237-5AFB-454B-A4DD-2F5758E3F350}.Debug|Any CPU.Build.0 = Debug|Any CPU
		{F767D237-5AFB-454B-A4DD-2F5758E3F350}.Release|Any CPU.ActiveCfg = Release|Any CPU
		{F767D237-5AFB-454B-A4DD-2F5758E3F350}.Release|Any CPU.Build.0 = Release|Any CPU
		{F740B665-9C45-4AC6-BAEA-3267383A9E90}.Debug|Any CPU.ActiveCfg = Debug|Any CPU
		{F740B665-9C45-4AC6-BAEA-3267383A9E90}.Debug|Any CPU.Build.0 = Debug|Any CPU
		{F740B665-9C45-4AC6-BAEA-3267383A9E90}.Release|Any CPU.ActiveCfg = Release|Any CPU
		{F740B665-9C45-4AC6-BAEA-3267383A9E90}.Release|Any CPU.Build.0 = Release|Any CPU
		{31BE5FBA-81CF-42A2-BA94-9A73C0B81A18}.Debug|Any CPU.ActiveCfg = Debug|Any CPU
		{31BE5FBA-81CF-42A2-BA94-9A73C0B81A18}.Debug|Any CPU.Build.0 = Debug|Any CPU
		{31BE5FBA-81CF-42A2-BA94-9A73C0B81A18}.Release|Any CPU.ActiveCfg = Release|Any CPU
		{31BE5FBA-81CF-42A2-BA94-9A73C0B81A18}.Release|Any CPU.Build.0 = Release|Any CPU
		{7C0DFC20-2F4E-44B2-BBD8-EFC8F248A255}.Debug|Any CPU.ActiveCfg = Debug|Any CPU
		{7C0DFC20-2F4E-44B2-BBD8-EFC8F248A255}.Debug|Any CPU.Build.0 = Debug|Any CPU
		{7C0DFC20-2F4E-44B2-BBD8-EFC8F248A255}.Release|Any CPU.ActiveCfg = Release|Any CPU
		{7C0DFC20-2F4E-44B2-BBD8-EFC8F248A255}.Release|Any CPU.Build.0 = Release|Any CPU
	EndGlobalSection
	GlobalSection(SolutionProperties) = preSolution
		HideSolutionNode = FALSE
	EndGlobalSection
	GlobalSection(ExtensibilityGlobals) = postSolution
		SolutionGuid = {0B67C026-D280-4016-872A-5DD6B5FD9F28}
	EndGlobalSection
EndGlobal
